
Microsoft Visual Studio Solution File, Format Version 12.00
# Visual Studio Version 17
VisualStudioVersion = 17.14.36429.23
MinimumVisualStudioVersion = 10.0.40219.1
Project("{FAE04EC0-301F-11D3-BF4B-00C04F79EFBC}") = "CleanArchitectureSolutionName.API", "CleanArchitectureSolutionName.API\CleanArchitectureSolutionName.API.csproj", "{65B42B82-F5E0-4968-A090-1E1E4DF83B70}"
EndProject
Project("{FAE04EC0-301F-11D3-BF4B-00C04F79EFBC}") = "CleanArchitectureSolutionName.Application", "CleanArchitectureSolutionName.Application\CleanArchitectureSolutionName.Application.csproj", "{B8A2CACE-4D27-4D13-AAEE-4939293E7EA3}"
EndProject
Project("{FAE04EC0-301F-11D3-BF4B-00C04F79EFBC}") = "CleanArchitectureSolutionName.Infrastructure", "CleanArchitectureSolutionName.Infrastructure\CleanArchitectureSolutionName.Infrastructure.csproj", "{DEEE2D3C-D8E5-4B4D-98B2-7364D746840B}"
EndProject
Project("{FAE04EC0-301F-11D3-BF4B-00C04F79EFBC}") = "CleanArchitectureSolutionName.Domain", "CleanArchitectureSolutionName.Domain\CleanArchitectureSolutionName.Domain.csproj", "{CB4B3871-E9C7-4E8A-AC2E-399B410DF476}"
EndProject
Global
	GlobalSection(SolutionConfigurationPlatforms) = preSolution
		Debug|Any CPU = Debug|Any CPU
		Release|Any CPU = Release|Any CPU
	EndGlobalSection
	GlobalSection(ProjectConfigurationPlatforms) = postSolution
		{65B42B82-F5E0-4968-A090-1E1E4DF83B70}.Debug|Any CPU.ActiveCfg = Debug|Any CPU
		{65B42B82-F5E0-4968-A090-1E1E4DF83B70}.Debug|Any CPU.Build.0 = Debug|Any CPU
		{65B42B82-F5E0-4968-A090-1E1E4DF83B70}.Release|Any CPU.ActiveCfg = Release|Any CPU
		{65B42B82-F5E0-4968-A090-1E1E4DF83B70}.Release|Any CPU.Build.0 = Release|Any CPU
		{B8A2CACE-4D27-4D13-AAEE-4939293E7EA3}.Debug|Any CPU.ActiveCfg = Debug|Any CPU
		{B8A2CACE-4D27-4D13-AAEE-4939293E7EA3}.Debug|Any CPU.Build.0 = Debug|Any CPU
		{B8A2CACE-4D27-4D13-AAEE-4939293E7EA3}.Release|Any CPU.ActiveCfg = Release|Any CPU
		{B8A2CACE-4D27-4D13-AAEE-4939293E7EA3}.Release|Any CPU.Build.0 = Release|Any CPU
		{DEEE2D3C-D8E5-4B4D-98B2-7364D746840B}.Debug|Any CPU.ActiveCfg = Debug|Any CPU
		{DEEE2D3C-D8E5-4B4D-98B2-7364D746840B}.Debug|Any CPU.Build.0 = Debug|Any CPU
		{DEEE2D3C-D8E5-4B4D-98B2-7364D746840B}.Release|Any CPU.ActiveCfg = Release|Any CPU
		{DEEE2D3C-D8E5-4B4D-98B2-7364D746840B}.Release|Any CPU.Build.0 = Release|Any CPU
		{CB4B3871-E9C7-4E8A-AC2E-399B410DF476}.Debug|Any CPU.ActiveCfg = Debug|Any CPU
		{CB4B3871-E9C7-4E8A-AC2E-399B410DF476}.Debug|Any CPU.Build.0 = Debug|Any CPU
		{CB4B3871-E9C7-4E8A-AC2E-399B410DF476}.Release|Any CPU.ActiveCfg = Release|Any CPU
		{CB4B3871-E9C7-4E8A-AC2E-399B410DF476}.Release|Any CPU.Build.0 = Release|Any CPU
	EndGlobalSection
	GlobalSection(SolutionProperties) = preSolution
		HideSolutionNode = FALSE
	EndGlobalSection
	GlobalSection(ExtensibilityGlobals) = postSolution
		SolutionGuid = {DC42B0E1-2B8E-4BCA-B9D1-F7E50546CDFC}
	EndGlobalSection
EndGlobal
