
Microsoft Visual Studio Solution File, Format Version 12.00
# Visual Studio Version 18
VisualStudioVersion = 18.1.11304.174
MinimumVisualStudioVersion = 10.0.40219.1
Project("{FAE04EC0-301F-11D3-BF4B-00C04F79EFBC}") = "LiveAuction.Shared", "LiveAuction.Shared\LiveAuction.Shared.csproj", "{89A9235F-229E-43D6-9ACF-DD39A9C576AF}"
EndProject
Project("{FAE04EC0-301F-11D3-BF4B-00C04F79EFBC}") = "LiveAuction.API", "LiveAuction.API\LiveAuction.API.csproj", "{C3451CF1-3A7E-BE1C-1120-E1EEB5506F95}"
EndProject
Project("{FAE04EC0-301F-11D3-BF4B-00C04F79EFBC}") = "LiveAuction.Application", "LiveAuction.Application\LiveAuction.Application.csproj", "{4D6C30C7-094E-7E38-8AD0-22C99742318B}"
EndProject
Project("{FAE04EC0-301F-11D3-BF4B-00C04F79EFBC}") = "LiveAuction.Domain", "LiveAuction.Domain\LiveAuction.Domain.csproj", "{0DA45C45-323D-1BCF-74D5-B9C27177AB79}"
EndProject
Project("{FAE04EC0-301F-11D3-BF4B-00C04F79EFBC}") = "LiveAuction.Infrastructure", "LiveAuction.Infrastructure\LiveAuction.Infrastructure.csproj", "{F3FB12E7-B427-9CCB-B7B1-3FCA098151C7}"
EndProject
Project("{FAE04EC0-301F-11D3-BF4B-00C04F79EFBC}") = "LiveAuction.Client", "LiveAuction.Client\LiveAuction.Client.csproj", "{99542793-54DC-4A13-B2AA-48AF4F674740}"
EndProject
Global
	GlobalSection(SolutionConfigurationPlatforms) = preSolution
		Debug|Any CPU = Debug|Any CPU
		Release|Any CPU = Release|Any CPU
	EndGlobalSection
	GlobalSection(ProjectConfigurationPlatforms) = postSolution
		{89A9235F-229E-43D6-9ACF-DD39A9C576AF}.Debug|Any CPU.ActiveCfg = Debug|Any CPU
		{89A9235F-229E-43D6-9ACF-DD39A9C576AF}.Debug|Any CPU.Build.0 = Debug|Any CPU
		{89A9235F-229E-43D6-9ACF-DD39A9C576AF}.Release|Any CPU.ActiveCfg = Release|Any CPU
		{89A9235F-229E-43D6-9ACF-DD39A9C576AF}.Release|Any CPU.Build.0 = Release|Any CPU
		{C3451CF1-3A7E-BE1C-1120-E1EEB5506F95}.Debug|Any CPU.ActiveCfg = Debug|Any CPU
		{C3451CF1-3A7E-BE1C-1120-E1EEB5506F95}.Debug|Any CPU.Build.0 = Debug|Any CPU
		{C3451CF1-3A7E-BE1C-1120-E1EEB5506F95}.Release|Any CPU.ActiveCfg = Release|Any CPU
		{C3451CF1-3A7E-BE1C-1120-E1EEB5506F95}.Release|Any CPU.Build.0 = Release|Any CPU
		{4D6C30C7-094E-7E38-8AD0-22C99742318B}.Debug|Any CPU.ActiveCfg = Debug|Any CPU
		{4D6C30C7-094E-7E38-8AD0-22C99742318B}.Debug|Any CPU.Build.0 = Debug|Any CPU
		{4D6C30C7-094E-7E38-8AD0-22C99742318B}.Release|Any CPU.ActiveCfg = Release|Any CPU
		{4D6C30C7-094E-7E38-8AD0-22C99742318B}.Release|Any CPU.Build.0 = Release|Any CPU
		{0DA45C45-323D-1BCF-74D5-B9C27177AB79}.Debug|Any CPU.ActiveCfg = Debug|Any CPU
		{0DA45C45-323D-1BCF-74D5-B9C27177AB79}.Debug|Any CPU.Build.0 = Debug|Any CPU
		{0DA45C45-323D-1BCF-74D5-B9C27177AB79}.Release|Any CPU.ActiveCfg = Release|Any CPU
		{0DA45C45-323D-1BCF-74D5-B9C27177AB79}.Release|Any CPU.Build.0 = Release|Any CPU
		{F3FB12E7-B427-9CCB-B7B1-3FCA098151C7}.Debug|Any CPU.ActiveCfg = Debug|Any CPU
		{F3FB12E7-B427-9CCB-B7B1-3FCA098151C7}.Debug|Any CPU.Build.0 = Debug|Any CPU
		{F3FB12E7-B427-9CCB-B7B1-3FCA098151C7}.Release|Any CPU.ActiveCfg = Release|Any CPU
		{F3FB12E7-B427-9CCB-B7B1-3FCA098151C7}.Release|Any CPU.Build.0 = Release|Any CPU
		{99542793-54DC-4A13-B2AA-48AF4F674740}.Debug|Any CPU.ActiveCfg = Debug|Any CPU
		{99542793-54DC-4A13-B2AA-48AF4F674740}.Debug|Any CPU.Build.0 = Debug|Any CPU
		{99542793-54DC-4A13-B2AA-48AF4F674740}.Release|Any CPU.ActiveCfg = Release|Any CPU
		{99542793-54DC-4A13-B2AA-48AF4F674740}.Release|Any CPU.Build.0 = Release|Any CPU
	EndGlobalSection
	GlobalSection(SolutionProperties) = preSolution
		HideSolutionNode = FALSE
	EndGlobalSection
	GlobalSection(ExtensibilityGlobals) = postSolution
		SolutionGuid = {DC42B0E1-2B8E-4BCA-B9D1-F7E50546CDFC}
	EndGlobalSection
EndGlobal
